{
  "requires": true,
  "lockfileVersion": 1,
  "dependencies": {
    "vue-cli-plugin-chrome-extension-cli": {
      "version": "1.0.8",
      "resolved": "https://registry.npmmirror.com/vue-cli-plugin-chrome-extension-cli/download/vue-cli-plugin-chrome-extension-cli-1.0.8.tgz",
      "integrity": "sha1-6guLwOto+c4eBXtKP+21c7DGn6Q=",
      "dev": true
    }
  }
}
